
Microsoft Visual Studio Solution File, Format Version 12.00
# Visual Studio Version 17
VisualStudioVersion = 17.9.34728.123
MinimumVisualStudioVersion = 10.0.40219.1
Project("{9A19103F-16F7-4668-BE54-9A1E7A4F7556}") = "DataAccessLayer", "DataAccessLayer\DataAccessLayer.csproj", "{9C62EBC2-C862-4891-8E46-AC36AB3AA91D}"
EndProject
Project("{9A19103F-16F7-4668-BE54-9A1E7A4F7556}") = "BusinessLayer", "BusinessLayer\BusinessLayer.csproj", "{FAFA01B0-5CE7-457D-BFE9-C4DCFA8C9468}"
EndProject
Project("{9A19103F-16F7-4668-BE54-9A1E7A4F7556}") = "PresentationLayer", "PresentationLayer\PresentationLayer.csproj", "{EE829AAF-A1BF-41D6-9DBE-766838CD386F}"
EndProject
Project("{9A19103F-16F7-4668-BE54-9A1E7A4F7556}") = "HomeAutomationControllerTests", "HomeAutomationControllerTests\HomeAutomationControllerTests.csproj", "{F484947D-DE23-4673-9EE7-564EB0671B02}"
EndProject
Project("{9A19103F-16F7-4668-BE54-9A1E7A4F7556}") = "BusinessGUI", "BusinessGUI\BusinessGUI.csproj", "{4D4B546E-7A50-4A1D-B2DD-1E7BDA7BC31A}"
EndProject
Project("{FAE04EC0-301F-11D3-BF4B-00C04F79EFBC}") = "BusinessCLI", "BusinessCLI\BusinessCLI.csproj", "{A58A41BF-F686-4BB5-BEB5-7942525C7A13}"
EndProject
Global
	GlobalSection(SolutionConfigurationPlatforms) = preSolution
		Debug|Any CPU = Debug|Any CPU
		Release|Any CPU = Release|Any CPU
	EndGlobalSection
	GlobalSection(ProjectConfigurationPlatforms) = postSolution
		{9C62EBC2-C862-4891-8E46-AC36AB3AA91D}.Debug|Any CPU.ActiveCfg = Debug|Any CPU
		{9C62EBC2-C862-4891-8E46-AC36AB3AA91D}.Debug|Any CPU.Build.0 = Debug|Any CPU
		{9C62EBC2-C862-4891-8E46-AC36AB3AA91D}.Release|Any CPU.ActiveCfg = Release|Any CPU
		{9C62EBC2-C862-4891-8E46-AC36AB3AA91D}.Release|Any CPU.Build.0 = Release|Any CPU
		{FAFA01B0-5CE7-457D-BFE9-C4DCFA8C9468}.Debug|Any CPU.ActiveCfg = Debug|Any CPU
		{FAFA01B0-5CE7-457D-BFE9-C4DCFA8C9468}.Debug|Any CPU.Build.0 = Debug|Any CPU
		{FAFA01B0-5CE7-457D-BFE9-C4DCFA8C9468}.Release|Any CPU.ActiveCfg = Release|Any CPU
		{FAFA01B0-5CE7-457D-BFE9-C4DCFA8C9468}.Release|Any CPU.Build.0 = Release|Any CPU
		{EE829AAF-A1BF-41D6-9DBE-766838CD386F}.Debug|Any CPU.ActiveCfg = Debug|Any CPU
		{EE829AAF-A1BF-41D6-9DBE-766838CD386F}.Debug|Any CPU.Build.0 = Debug|Any CPU
		{EE829AAF-A1BF-41D6-9DBE-766838CD386F}.Release|Any CPU.ActiveCfg = Release|Any CPU
		{EE829AAF-A1BF-41D6-9DBE-766838CD386F}.Release|Any CPU.Build.0 = Release|Any CPU
		{F484947D-DE23-4673-9EE7-564EB0671B02}.Debug|Any CPU.ActiveCfg = Debug|Any CPU
		{F484947D-DE23-4673-9EE7-564EB0671B02}.Debug|Any CPU.Build.0 = Debug|Any CPU
		{F484947D-DE23-4673-9EE7-564EB0671B02}.Release|Any CPU.ActiveCfg = Release|Any CPU
		{F484947D-DE23-4673-9EE7-564EB0671B02}.Release|Any CPU.Build.0 = Release|Any CPU
		{4D4B546E-7A50-4A1D-B2DD-1E7BDA7BC31A}.Debug|Any CPU.ActiveCfg = Debug|Any CPU
		{4D4B546E-7A50-4A1D-B2DD-1E7BDA7BC31A}.Debug|Any CPU.Build.0 = Debug|Any CPU
		{4D4B546E-7A50-4A1D-B2DD-1E7BDA7BC31A}.Release|Any CPU.ActiveCfg = Release|Any CPU
		{4D4B546E-7A50-4A1D-B2DD-1E7BDA7BC31A}.Release|Any CPU.Build.0 = Release|Any CPU
		{A58A41BF-F686-4BB5-BEB5-7942525C7A13}.Debug|Any CPU.ActiveCfg = Debug|Any CPU
		{A58A41BF-F686-4BB5-BEB5-7942525C7A13}.Debug|Any CPU.Build.0 = Debug|Any CPU
		{A58A41BF-F686-4BB5-BEB5-7942525C7A13}.Release|Any CPU.ActiveCfg = Release|Any CPU
		{A58A41BF-F686-4BB5-BEB5-7942525C7A13}.Release|Any CPU.Build.0 = Release|Any CPU
	EndGlobalSection
	GlobalSection(SolutionProperties) = preSolution
		HideSolutionNode = FALSE
	EndGlobalSection
	GlobalSection(ExtensibilityGlobals) = postSolution
		SolutionGuid = {9DF5634E-97A6-4D35-8ACA-CD870A05CB40}
	EndGlobalSection
EndGlobal
